
Microsoft Visual Studio Solution File, Format Version 12.00
# Visual Studio Version 17
VisualStudioVersion = 17.0.31903.59
MinimumVisualStudioVersion = 10.0.40219.1
Project("{FAE04EC0-301F-11D3-BF4B-00C04F79EFBC}") = "LeetCodePatterns.Core", "LeetCodePatterns.Core\LeetCodePatterns.Core.csproj", "{CF4B814A-81C6-4FF5-B633-8C29E33A1669}"
EndProject
Project("{FAE04EC0-301F-11D3-BF4B-00C04F79EFBC}") = "LeetCodePatterns.Tests", "LeetCodePatterns.Tests\LeetCodePatterns.Tests.csproj", "{C73D1D5B-C947-4E4B-A905-AC4FDB0721C1}"
EndProject
Global
	GlobalSection(SolutionConfigurationPlatforms) = preSolution
		Debug|Any CPU = Debug|Any CPU
		Release|Any CPU = Release|Any CPU
	EndGlobalSection
	GlobalSection(SolutionProperties) = preSolution
		HideSolutionNode = FALSE
	EndGlobalSection
	GlobalSection(ProjectConfigurationPlatforms) = postSolution
		{CF4B814A-81C6-4FF5-B633-8C29E33A1669}.Debug|Any CPU.ActiveCfg = Debug|Any CPU
		{CF4B814A-81C6-4FF5-B633-8C29E33A1669}.Debug|Any CPU.Build.0 = Debug|Any CPU
		{CF4B814A-81C6-4FF5-B633-8C29E33A1669}.Release|Any CPU.ActiveCfg = Release|Any CPU
		{CF4B814A-81C6-4FF5-B633-8C29E33A1669}.Release|Any CPU.Build.0 = Release|Any CPU
		{C73D1D5B-C947-4E4B-A905-AC4FDB0721C1}.Debug|Any CPU.ActiveCfg = Debug|Any CPU
		{C73D1D5B-C947-4E4B-A905-AC4FDB0721C1}.Debug|Any CPU.Build.0 = Debug|Any CPU
		{C73D1D5B-C947-4E4B-A905-AC4FDB0721C1}.Release|Any CPU.ActiveCfg = Release|Any CPU
		{C73D1D5B-C947-4E4B-A905-AC4FDB0721C1}.Release|Any CPU.Build.0 = Release|Any CPU
	EndGlobalSection
EndGlobal
